// !$*UTF8*$!
{
	archiveVersion = 1;
	classes = {
	};
	objectVersion = 50;
	objects = {

/* Begin PBXBuildFile section */
		84320AB322C7828300EEDA34 /* AlgoProvider.swift in Sources */ = {isa = PBXBuildFile; fileRef = 84320AB222C7828300EEDA34 /* AlgoProvider.swift */; };
		84320AB522C7829800EEDA34 /* Profiler.swift in Sources */ = {isa = PBXBuildFile; fileRef = 84320AB422C7829800EEDA34 /* Profiler.swift */; };
		84320AB722C78FA800EEDA34 /* SuffixIterator.swift in Sources */ = {isa = PBXBuildFile; fileRef = 84320AB622C78FA800EEDA34 /* SuffixIterator.swift */; };
		84320AB922C79F7E00EEDA34 /* StringGenerator.swift in Sources */ = {isa = PBXBuildFile; fileRef = 84320AB822C79F7E00EEDA34 /* StringGenerator.swift */; };
		84320ABB22C7A61A00EEDA34 /* SuffixViewController.swift in Sources */ = {isa = PBXBuildFile; fileRef = 84320ABA22C7A61A00EEDA34 /* SuffixViewController.swift */; };
		84320ABD22C7A71400EEDA34 /* DataStructuresViewController.swift in Sources */ = {isa = PBXBuildFile; fileRef = 84320ABC22C7A71400EEDA34 /* DataStructuresViewController.swift */; };
		84320AC022C7A9E400EEDA34 /* SwiftArrayManipulator.swift in Sources */ = {isa = PBXBuildFile; fileRef = 84320ABE22C7A9E300EEDA34 /* SwiftArrayManipulator.swift */; };
		84320AC122C7A9E400EEDA34 /* ArrayManipulator.swift in Sources */ = {isa = PBXBuildFile; fileRef = 84320ABF22C7A9E400EEDA34 /* ArrayManipulator.swift */; };
		84320AC422C7EE5200EEDA34 /* SuffixArrayManipulator.swift in Sources */ = {isa = PBXBuildFile; fileRef = 84320AC322C7EE5200EEDA34 /* SuffixArrayManipulator.swift */; };
		84320AC722C7EF5D00EEDA34 /* Feed.storyboard in Resources */ = {isa = PBXBuildFile; fileRef = 84320AC522C7EF5D00EEDA34 /* Feed.storyboard */; };
		845DFFDD22A07B8500A62185 /* AppDelegate.swift in Sources */ = {isa = PBXBuildFile; fileRef = 845DFFDC22A07B8500A62185 /* AppDelegate.swift */; };
		845DFFE222A07B8500A62185 /* Main.storyboard in Resources */ = {isa = PBXBuildFile; fileRef = 845DFFE022A07B8500A62185 /* Main.storyboard */; };
		845DFFE422A07B8600A62185 /* Assets.xcassets in Resources */ = {isa = PBXBuildFile; fileRef = 845DFFE322A07B8600A62185 /* Assets.xcassets */; };
		845DFFE722A07B8600A62185 /* LaunchScreen.storyboard in Resources */ = {isa = PBXBuildFile; fileRef = 845DFFE522A07B8600A62185 /* LaunchScreen.storyboard */; };
		845DFFF022A080F300A62185 /* Detail.storyboard in Resources */ = {isa = PBXBuildFile; fileRef = 845DFFEE22A080F300A62185 /* Detail.storyboard */; };
		845DFFF422A2F4E100A62185 /* ShadowedButtton.swift in Sources */ = {isa = PBXBuildFile; fileRef = 845DFFF322A2F4E100A62185 /* ShadowedButtton.swift */; };
		848115A022AEDA7C00EA3624 /* ViewControllerLifeCycleBehavior.swift in Sources */ = {isa = PBXBuildFile; fileRef = 8481159F22AEDA7C00EA3624 /* ViewControllerLifeCycleBehavior.swift */; };
		848115A222AEDBDF00EA3624 /* BenchmarkViewController.swift in Sources */ = {isa = PBXBuildFile; fileRef = 848115A122AEDBDF00EA3624 /* BenchmarkViewController.swift */; };
		848115A422AEE31300EA3624 /* DateTimerBehavior.swift in Sources */ = {isa = PBXBuildFile; fileRef = 848115A322AEE31300EA3624 /* DateTimerBehavior.swift */; };
		848115A622AEE3A200EA3624 /* ScreenColorBehavior.swift in Sources */ = {isa = PBXBuildFile; fileRef = 848115A522AEE3A200EA3624 /* ScreenColorBehavior.swift */; };
		848115A822AEE52D00EA3624 /* ProfileViewController.swift in Sources */ = {isa = PBXBuildFile; fileRef = 848115A722AEE52D00EA3624 /* ProfileViewController.swift */; };
		848115AA22AEE96400EA3624 /* FeedViewControllerB.swift in Sources */ = {isa = PBXBuildFile; fileRef = 848115A922AEE96400EA3624 /* FeedViewControllerB.swift */; };
		848115AC22AEE97200EA3624 /* FeedViewControllerC.swift in Sources */ = {isa = PBXBuildFile; fileRef = 848115AB22AEE97200EA3624 /* FeedViewControllerC.swift */; };
		848115B822B0051000EA3624 /* ColoredSplitViewController.swift in Sources */ = {isa = PBXBuildFile; fileRef = 848115B722B0051000EA3624 /* ColoredSplitViewController.swift */; };
		84A3464122E613D7006F6178 /* ShareViewController.swift in Sources */ = {isa = PBXBuildFile; fileRef = 84A3464022E613D7006F6178 /* ShareViewController.swift */; };
		84A3464422E613D7006F6178 /* MainInterface.storyboard in Resources */ = {isa = PBXBuildFile; fileRef = 84A3464222E613D7006F6178 /* MainInterface.storyboard */; };
		84A3464822E613D7006F6178 /* ShareText.appex in Embed App Extensions */ = {isa = PBXBuildFile; fileRef = 84A3463E22E613D7006F6178 /* ShareText.appex */; settings = {ATTRIBUTES = (RemoveHeadersOnCopy, ); }; };
		84C5D66422B82C40001E773F /* Services.swift in Sources */ = {isa = PBXBuildFile; fileRef = 84C5D66322B82C40001E773F /* Services.swift */; };
		84C5D66722B82CDA001E773F /* DataProvider.swift in Sources */ = {isa = PBXBuildFile; fileRef = 84C5D66622B82CDA001E773F /* DataProvider.swift */; };
		84C5D66922B82EFE001E773F /* FeedViewController.swift in Sources */ = {isa = PBXBuildFile; fileRef = 84C5D66822B82EFE001E773F /* FeedViewController.swift */; };
		84C5D66B22B8319E001E773F /* SessionSummaryViewController.swift in Sources */ = {isa = PBXBuildFile; fileRef = 84C5D66A22B8319E001E773F /* SessionSummaryViewController.swift */; };
		84C5D66D22B8349E001E773F /* BenchmarkCollectionViewCell.swift in Sources */ = {isa = PBXBuildFile; fileRef = 84C5D66C22B8349E001E773F /* BenchmarkCollectionViewCell.swift */; };
		84C5D66F22B83A6B001E773F /* TimerProvider.swift in Sources */ = {isa = PBXBuildFile; fileRef = 84C5D66E22B83A6B001E773F /* TimerProvider.swift */; };
		84C5D67222B9096D001E773F /* StagLayout.swift in Sources */ = {isa = PBXBuildFile; fileRef = 84C5D67122B9096D001E773F /* StagLayout.swift */; };
		84C5D67D22C155E1001E773F /* PieChartView.swift in Sources */ = {isa = PBXBuildFile; fileRef = 84C5D67C22C155E1001E773F /* PieChartView.swift */; };
		84C5D67F22C34DCB001E773F /* Extensions.swift in Sources */ = {isa = PBXBuildFile; fileRef = 84C5D67E22C34DC9001E773F /* Extensions.swift */; };
/* End PBXBuildFile section */

/* Begin PBXContainerItemProxy section */
		84A3464622E613D7006F6178 /* PBXContainerItemProxy */ = {
			isa = PBXContainerItemProxy;
			containerPortal = 845DFFD122A07B8500A62185 /* Project object */;
			proxyType = 1;
			remoteGlobalIDString = 84A3463D22E613D7006F6178;
			remoteInfo = ShareText;
		};
/* End PBXContainerItemProxy section */

/* Begin PBXCopyFilesBuildPhase section */
		84A3464C22E613D7006F6178 /* Embed App Extensions */ = {
			isa = PBXCopyFilesBuildPhase;
			buildActionMask = 2147483647;
			dstPath = "";
			dstSubfolderSpec = 13;
			files = (
				84A3464822E613D7006F6178 /* ShareText.appex in Embed App Extensions */,
			);
			name = "Embed App Extensions";
			runOnlyForDeploymentPostprocessing = 0;
		};
/* End PBXCopyFilesBuildPhase section */

/* Begin PBXFileReference section */
		84320AB222C7828300EEDA34 /* AlgoProvider.swift */ = {isa = PBXFileReference; fileEncoding = 4; lastKnownFileType = sourcecode.swift; path = AlgoProvider.swift; sourceTree = "<group>"; };
		84320AB422C7829800EEDA34 /* Profiler.swift */ = {isa = PBXFileReference; fileEncoding = 4; lastKnownFileType = sourcecode.swift; path = Profiler.swift; sourceTree = "<group>"; };
		84320AB622C78FA800EEDA34 /* SuffixIterator.swift */ = {isa = PBXFileReference; lastKnownFileType = sourcecode.swift; path = SuffixIterator.swift; sourceTree = "<group>"; };
		84320AB822C79F7E00EEDA34 /* StringGenerator.swift */ = {isa = PBXFileReference; fileEncoding = 4; lastKnownFileType = sourcecode.swift; path = StringGenerator.swift; sourceTree = "<group>"; };
		84320ABA22C7A61A00EEDA34 /* SuffixViewController.swift */ = {isa = PBXFileReference; lastKnownFileType = sourcecode.swift; path = SuffixViewController.swift; sourceTree = "<group>"; };
		84320ABC22C7A71400EEDA34 /* DataStructuresViewController.swift */ = {isa = PBXFileReference; fileEncoding = 4; lastKnownFileType = sourcecode.swift; path = DataStructuresViewController.swift; sourceTree = "<group>"; };
		84320ABE22C7A9E300EEDA34 /* SwiftArrayManipulator.swift */ = {isa = PBXFileReference; fileEncoding = 4; lastKnownFileType = sourcecode.swift; path = SwiftArrayManipulator.swift; sourceTree = "<group>"; };
		84320ABF22C7A9E400EEDA34 /* ArrayManipulator.swift */ = {isa = PBXFileReference; fileEncoding = 4; lastKnownFileType = sourcecode.swift; path = ArrayManipulator.swift; sourceTree = "<group>"; };
		84320AC322C7EE5200EEDA34 /* SuffixArrayManipulator.swift */ = {isa = PBXFileReference; lastKnownFileType = sourcecode.swift; path = SuffixArrayManipulator.swift; sourceTree = "<group>"; };
		84320AC622C7EF5D00EEDA34 /* Base */ = {isa = PBXFileReference; lastKnownFileType = file.storyboard; name = Base; path = Week1StoryboardNavigation/Base.lproj/Feed.storyboard; sourceTree = "<group>"; };
		845DFFD922A07B8500A62185 /* Week1StoryboardNavigation.app */ = {isa = PBXFileReference; explicitFileType = wrapper.application; includeInIndex = 0; path = Week1StoryboardNavigation.app; sourceTree = BUILT_PRODUCTS_DIR; };
		845DFFDC22A07B8500A62185 /* AppDelegate.swift */ = {isa = PBXFileReference; lastKnownFileType = sourcecode.swift; path = AppDelegate.swift; sourceTree = "<group>"; };
		845DFFE122A07B8500A62185 /* Base */ = {isa = PBXFileReference; lastKnownFileType = file.storyboard; name = Base; path = Base.lproj/Main.storyboard; sourceTree = "<group>"; };
		845DFFE322A07B8600A62185 /* Assets.xcassets */ = {isa = PBXFileReference; lastKnownFileType = folder.assetcatalog; path = Assets.xcassets; sourceTree = "<group>"; };
		845DFFE622A07B8600A62185 /* Base */ = {isa = PBXFileReference; lastKnownFileType = file.storyboard; name = Base; path = Base.lproj/LaunchScreen.storyboard; sourceTree = "<group>"; };
		845DFFE822A07B8600A62185 /* Info.plist */ = {isa = PBXFileReference; lastKnownFileType = text.plist.xml; path = Info.plist; sourceTree = "<group>"; };
		845DFFEF22A080F300A62185 /* Base */ = {isa = PBXFileReference; lastKnownFileType = file.storyboard; name = Base; path = Week1StoryboardNavigation/Base.lproj/Detail.storyboard; sourceTree = "<group>"; };
		845DFFF322A2F4E100A62185 /* ShadowedButtton.swift */ = {isa = PBXFileReference; lastKnownFileType = sourcecode.swift; path = ShadowedButtton.swift; sourceTree = "<group>"; };
		8481159F22AEDA7C00EA3624 /* ViewControllerLifeCycleBehavior.swift */ = {isa = PBXFileReference; lastKnownFileType = sourcecode.swift; path = ViewControllerLifeCycleBehavior.swift; sourceTree = "<group>"; };
		848115A122AEDBDF00EA3624 /* BenchmarkViewController.swift */ = {isa = PBXFileReference; lastKnownFileType = sourcecode.swift; path = BenchmarkViewController.swift; sourceTree = "<group>"; };
		848115A322AEE31300EA3624 /* DateTimerBehavior.swift */ = {isa = PBXFileReference; lastKnownFileType = sourcecode.swift; path = DateTimerBehavior.swift; sourceTree = "<group>"; };
		848115A522AEE3A200EA3624 /* ScreenColorBehavior.swift */ = {isa = PBXFileReference; lastKnownFileType = sourcecode.swift; path = ScreenColorBehavior.swift; sourceTree = "<group>"; };
		848115A722AEE52D00EA3624 /* ProfileViewController.swift */ = {isa = PBXFileReference; lastKnownFileType = sourcecode.swift; path = ProfileViewController.swift; sourceTree = "<group>"; };
		848115A922AEE96400EA3624 /* FeedViewControllerB.swift */ = {isa = PBXFileReference; lastKnownFileType = sourcecode.swift; path = FeedViewControllerB.swift; sourceTree = "<group>"; };
		848115AB22AEE97200EA3624 /* FeedViewControllerC.swift */ = {isa = PBXFileReference; lastKnownFileType = sourcecode.swift; path = FeedViewControllerC.swift; sourceTree = "<group>"; };
		848115B722B0051000EA3624 /* ColoredSplitViewController.swift */ = {isa = PBXFileReference; lastKnownFileType = sourcecode.swift; path = ColoredSplitViewController.swift; sourceTree = "<group>"; };
		84A3463E22E613D7006F6178 /* ShareText.appex */ = {isa = PBXFileReference; explicitFileType = "wrapper.app-extension"; includeInIndex = 0; path = ShareText.appex; sourceTree = BUILT_PRODUCTS_DIR; };
		84A3464022E613D7006F6178 /* ShareViewController.swift */ = {isa = PBXFileReference; lastKnownFileType = sourcecode.swift; path = ShareViewController.swift; sourceTree = "<group>"; };
		84A3464322E613D7006F6178 /* Base */ = {isa = PBXFileReference; lastKnownFileType = file.storyboard; name = Base; path = Base.lproj/MainInterface.storyboard; sourceTree = "<group>"; };
		84A3464522E613D7006F6178 /* Info.plist */ = {isa = PBXFileReference; lastKnownFileType = text.plist.xml; path = Info.plist; sourceTree = "<group>"; };
		84A3464D22E6140C006F6178 /* Week1StoryboardNavigation.entitlements */ = {isa = PBXFileReference; lastKnownFileType = text.plist.entitlements; path = Week1StoryboardNavigation.entitlements; sourceTree = "<group>"; };
		84A3464E22E61450006F6178 /* ShareText.entitlements */ = {isa = PBXFileReference; lastKnownFileType = text.plist.entitlements; path = ShareText.entitlements; sourceTree = "<group>"; };
		84C5D66322B82C40001E773F /* Services.swift */ = {isa = PBXFileReference; lastKnownFileType = sourcecode.swift; path = Services.swift; sourceTree = "<group>"; };
		84C5D66622B82CDA001E773F /* DataProvider.swift */ = {isa = PBXFileReference; lastKnownFileType = sourcecode.swift; path = DataProvider.swift; sourceTree = "<group>"; };
		84C5D66822B82EFE001E773F /* FeedViewController.swift */ = {isa = PBXFileReference; lastKnownFileType = sourcecode.swift; path = FeedViewController.swift; sourceTree = "<group>"; };
		84C5D66A22B8319E001E773F /* SessionSummaryViewController.swift */ = {isa = PBXFileReference; lastKnownFileType = sourcecode.swift; path = SessionSummaryViewController.swift; sourceTree = "<group>"; };
		84C5D66C22B8349E001E773F /* BenchmarkCollectionViewCell.swift */ = {isa = PBXFileReference; lastKnownFileType = sourcecode.swift; path = BenchmarkCollectionViewCell.swift; sourceTree = "<group>"; };
		84C5D66E22B83A6B001E773F /* TimerProvider.swift */ = {isa = PBXFileReference; lastKnownFileType = sourcecode.swift; path = TimerProvider.swift; sourceTree = "<group>"; };
		84C5D67122B9096D001E773F /* StagLayout.swift */ = {isa = PBXFileReference; fileEncoding = 4; lastKnownFileType = sourcecode.swift; path = StagLayout.swift; sourceTree = "<group>"; };
		84C5D67C22C155E1001E773F /* PieChartView.swift */ = {isa = PBXFileReference; lastKnownFileType = sourcecode.swift; path = PieChartView.swift; sourceTree = "<group>"; };
		84C5D67E22C34DC9001E773F /* Extensions.swift */ = {isa = PBXFileReference; lastKnownFileType = sourcecode.swift; path = Extensions.swift; sourceTree = "<group>"; };
/* End PBXFileReference section */

/* Begin PBXFrameworksBuildPhase section */
		845DFFD622A07B8500A62185 /* Frameworks */ = {
			isa = PBXFrameworksBuildPhase;
			buildActionMask = 2147483647;
			files = (
			);
			runOnlyForDeploymentPostprocessing = 0;
		};
		84A3463B22E613D7006F6178 /* Frameworks */ = {
			isa = PBXFrameworksBuildPhase;
			buildActionMask = 2147483647;
			files = (
			);
			runOnlyForDeploymentPostprocessing = 0;
		};
/* End PBXFrameworksBuildPhase section */

/* Begin PBXGroup section */
		84320AC222C7AA0300EEDA34 /* DataStructures */ = {
			isa = PBXGroup;
			children = (
				84320ABF22C7A9E400EEDA34 /* ArrayManipulator.swift */,
				84320ABE22C7A9E300EEDA34 /* SwiftArrayManipulator.swift */,
				84320AC322C7EE5200EEDA34 /* SuffixArrayManipulator.swift */,
				84320AB622C78FA800EEDA34 /* SuffixIterator.swift */,
				84320AB822C79F7E00EEDA34 /* StringGenerator.swift */,
			);
			path = DataStructures;
			sourceTree = "<group>";
		};
		84320AC822C7F03D00EEDA34 /* Modules */ = {
			isa = PBXGroup;
			children = (
				848115AD22AEEC6300EA3624 /* Feed */,
				848115AE22AEEC7D00EA3624 /* Benchmark */,
				848115AF22AEEC8D00EA3624 /* Profile */,
				848115B222AEECE600EA3624 /* Detail */,
			);
			path = Modules;
			sourceTree = "<group>";
		};
		845DFFD022A07B8500A62185 = {
			isa = PBXGroup;
			children = (
				845DFFDB22A07B8500A62185 /* Week1StoryboardNavigation */,
				84A3463F22E613D7006F6178 /* ShareText */,
				845DFFDA22A07B8500A62185 /* Products */,
			);
			sourceTree = "<group>";
		};
		845DFFDA22A07B8500A62185 /* Products */ = {
			isa = PBXGroup;
			children = (
				845DFFD922A07B8500A62185 /* Week1StoryboardNavigation.app */,
				84A3463E22E613D7006F6178 /* ShareText.appex */,
			);
			name = Products;
			sourceTree = "<group>";
		};
		845DFFDB22A07B8500A62185 /* Week1StoryboardNavigation */ = {
			isa = PBXGroup;
			children = (
				84A3464D22E6140C006F6178 /* Week1StoryboardNavigation.entitlements */,
				845DFFDC22A07B8500A62185 /* AppDelegate.swift */,
				845DFFE022A07B8500A62185 /* Main.storyboard */,
				84320AC822C7F03D00EEDA34 /* Modules */,
				848115B022AEECAF00EA3624 /* Behaviors */,
				848115B122AEECCA00EA3624 /* CustomUIElements */,
				84C5D66522B82C48001E773F /* Services */,
				84320AC222C7AA0300EEDA34 /* DataStructures */,
				848115B422AEEE1E00EA3624 /* SupportingFiles */,
			);
			path = Week1StoryboardNavigation;
			sourceTree = "<group>";
		};
		848115AD22AEEC6300EA3624 /* Feed */ = {
			isa = PBXGroup;
			children = (
				84320AC522C7EF5D00EEDA34 /* Feed.storyboard */,
				84C5D66822B82EFE001E773F /* FeedViewController.swift */,
				848115A922AEE96400EA3624 /* FeedViewControllerB.swift */,
				848115AB22AEE97200EA3624 /* FeedViewControllerC.swift */,
				84C5D66A22B8319E001E773F /* SessionSummaryViewController.swift */,
				84320ABA22C7A61A00EEDA34 /* SuffixViewController.swift */,
			);
			path = Feed;
			sourceTree = "<group>";
		};
		848115AE22AEEC7D00EA3624 /* Benchmark */ = {
			isa = PBXGroup;
			children = (
				848115A122AEDBDF00EA3624 /* BenchmarkViewController.swift */,
				84C5D66C22B8349E001E773F /* BenchmarkCollectionViewCell.swift */,
				84C5D67022B9096D001E773F /* Layouts */,
			);
			path = Benchmark;
			sourceTree = "<group>";
		};
		848115AF22AEEC8D00EA3624 /* Profile */ = {
			isa = PBXGroup;
			children = (
				848115A722AEE52D00EA3624 /* ProfileViewController.swift */,
			);
			path = Profile;
			sourceTree = "<group>";
		};
		848115B022AEECAF00EA3624 /* Behaviors */ = {
			isa = PBXGroup;
			children = (
				8481159F22AEDA7C00EA3624 /* ViewControllerLifeCycleBehavior.swift */,
				848115A322AEE31300EA3624 /* DateTimerBehavior.swift */,
				848115A522AEE3A200EA3624 /* ScreenColorBehavior.swift */,
			);
			path = Behaviors;
			sourceTree = "<group>";
		};
		848115B122AEECCA00EA3624 /* CustomUIElements */ = {
			isa = PBXGroup;
			children = (
				848115B722B0051000EA3624 /* ColoredSplitViewController.swift */,
				845DFFF322A2F4E100A62185 /* ShadowedButtton.swift */,
				84C5D67C22C155E1001E773F /* PieChartView.swift */,
				84C5D67E22C34DC9001E773F /* Extensions.swift */,
				84320ABC22C7A71400EEDA34 /* DataStructuresViewController.swift */,
			);
			path = CustomUIElements;
			sourceTree = "<group>";
		};
		848115B222AEECE600EA3624 /* Detail */ = {
			isa = PBXGroup;
			children = (
				845DFFEE22A080F300A62185 /* Detail.storyboard */,
			);
			path = Detail;
			sourceTree = "<group>";
		};
		848115B422AEEE1E00EA3624 /* SupportingFiles */ = {
			isa = PBXGroup;
			children = (
				845DFFE322A07B8600A62185 /* Assets.xcassets */,
				845DFFE522A07B8600A62185 /* LaunchScreen.storyboard */,
				845DFFE822A07B8600A62185 /* Info.plist */,
			);
			path = SupportingFiles;
			sourceTree = "<group>";
		};
		84A3463F22E613D7006F6178 /* ShareText */ = {
			isa = PBXGroup;
			children = (
				84A3464E22E61450006F6178 /* ShareText.entitlements */,
				84A3464022E613D7006F6178 /* ShareViewController.swift */,
				84A3464222E613D7006F6178 /* MainInterface.storyboard */,
				84A3464522E613D7006F6178 /* Info.plist */,
			);
			path = ShareText;
			sourceTree = "<group>";
		};
		84C5D66522B82C48001E773F /* Services */ = {
			isa = PBXGroup;
			children = (
				84C5D66322B82C40001E773F /* Services.swift */,
				84320AB422C7829800EEDA34 /* Profiler.swift */,
				84320AB222C7828300EEDA34 /* AlgoProvider.swift */,
				84C5D66E22B83A6B001E773F /* TimerProvider.swift */,
				84C5D66622B82CDA001E773F /* DataProvider.swift */,
			);
			path = Services;
			sourceTree = "<group>";
		};
		84C5D67022B9096D001E773F /* Layouts */ = {
			isa = PBXGroup;
			children = (
				84C5D67122B9096D001E773F /* StagLayout.swift */,
			);
			path = Layouts;
			sourceTree = "<group>";
		};
/* End PBXGroup section */

/* Begin PBXNativeTarget section */
		845DFFD822A07B8500A62185 /* Week1StoryboardNavigation */ = {
			isa = PBXNativeTarget;
			buildConfigurationList = 845DFFEB22A07B8600A62185 /* Build configuration list for PBXNativeTarget "Week1StoryboardNavigation" */;
			buildPhases = (
				845DFFD522A07B8500A62185 /* Sources */,
				845DFFD622A07B8500A62185 /* Frameworks */,
				845DFFD722A07B8500A62185 /* Resources */,
				84A3464C22E613D7006F6178 /* Embed App Extensions */,
			);
			buildRules = (
			);
			dependencies = (
				84A3464722E613D7006F6178 /* PBXTargetDependency */,
			);
			name = Week1StoryboardNavigation;
			productName = Week1StoryboardNavigation;
			productReference = 845DFFD922A07B8500A62185 /* Week1StoryboardNavigation.app */;
			productType = "com.apple.product-type.application";
		};
		84A3463D22E613D7006F6178 /* ShareText */ = {
			isa = PBXNativeTarget;
			buildConfigurationList = 84A3464B22E613D7006F6178 /* Build configuration list for PBXNativeTarget "ShareText" */;
			buildPhases = (
				84A3463A22E613D7006F6178 /* Sources */,
				84A3463B22E613D7006F6178 /* Frameworks */,
				84A3463C22E613D7006F6178 /* Resources */,
			);
			buildRules = (
			);
			dependencies = (
			);
			name = ShareText;
			productName = ShareText;
			productReference = 84A3463E22E613D7006F6178 /* ShareText.appex */;
			productType = "com.apple.product-type.app-extension";
		};
/* End PBXNativeTarget section */

/* Begin PBXProject section */
		845DFFD122A07B8500A62185 /* Project object */ = {
			isa = PBXProject;
			attributes = {
				LastSwiftUpdateCheck = 1020;
				LastUpgradeCheck = 1010;
				ORGANIZATIONNAME = SLoban;
				TargetAttributes = {
					845DFFD822A07B8500A62185 = {
						CreatedOnToolsVersion = 10.1;
						SystemCapabilities = {
							com.apple.ApplicationGroups.iOS = {
								enabled = 1;
							};
						};
					};
					84A3463D22E613D7006F6178 = {
						CreatedOnToolsVersion = 10.2.1;
						SystemCapabilities = {
							com.apple.ApplicationGroups.iOS = {
								enabled = 1;
							};
						};
					};
				};
			};
			buildConfigurationList = 845DFFD422A07B8500A62185 /* Build configuration list for PBXProject "Week1StoryboardNavigation" */;
			compatibilityVersion = "Xcode 9.3";
			developmentRegion = en;
			hasScannedForEncodings = 0;
			knownRegions = (
				en,
				Base,
			);
			mainGroup = 845DFFD022A07B8500A62185;
			productRefGroup = 845DFFDA22A07B8500A62185 /* Products */;
			projectDirPath = "";
			projectRoot = "";
			targets = (
				845DFFD822A07B8500A62185 /* Week1StoryboardNavigation */,
				84A3463D22E613D7006F6178 /* ShareText */,
			);
		};
/* End PBXProject section */

/* Begin PBXResourcesBuildPhase section */
		845DFFD722A07B8500A62185 /* Resources */ = {
			isa = PBXResourcesBuildPhase;
			buildActionMask = 2147483647;
			files = (
				84320AC722C7EF5D00EEDA34 /* Feed.storyboard in Resources */,
				845DFFE722A07B8600A62185 /* LaunchScreen.storyboard in Resources */,
				845DFFE422A07B8600A62185 /* Assets.xcassets in Resources */,
				845DFFE222A07B8500A62185 /* Main.storyboard in Resources */,
				845DFFF022A080F300A62185 /* Detail.storyboard in Resources */,
			);
			runOnlyForDeploymentPostprocessing = 0;
		};
		84A3463C22E613D7006F6178 /* Resources */ = {
			isa = PBXResourcesBuildPhase;
			buildActionMask = 2147483647;
			files = (
				84A3464422E613D7006F6178 /* MainInterface.storyboard in Resources */,
			);
			runOnlyForDeploymentPostprocessing = 0;
		};
/* End PBXResourcesBuildPhase section */

/* Begin PBXSourcesBuildPhase section */
		845DFFD522A07B8500A62185 /* Sources */ = {
			isa = PBXSourcesBuildPhase;
			buildActionMask = 2147483647;
			files = (
				84320AC022C7A9E400EEDA34 /* SwiftArrayManipulator.swift in Sources */,
				84C5D67D22C155E1001E773F /* PieChartView.swift in Sources */,
				84320ABB22C7A61A00EEDA34 /* SuffixViewController.swift in Sources */,
				845DFFF422A2F4E100A62185 /* ShadowedButtton.swift in Sources */,
				84C5D66D22B8349E001E773F /* BenchmarkCollectionViewCell.swift in Sources */,
				848115A422AEE31300EA3624 /* DateTimerBehavior.swift in Sources */,
				84320AC122C7A9E400EEDA34 /* ArrayManipulator.swift in Sources */,
				84320AB722C78FA800EEDA34 /* SuffixIterator.swift in Sources */,
				848115AC22AEE97200EA3624 /* FeedViewControllerC.swift in Sources */,
				848115AA22AEE96400EA3624 /* FeedViewControllerB.swift in Sources */,
				848115B822B0051000EA3624 /* ColoredSplitViewController.swift in Sources */,
				84320AC422C7EE5200EEDA34 /* SuffixArrayManipulator.swift in Sources */,
				84C5D67F22C34DCB001E773F /* Extensions.swift in Sources */,
				84C5D67222B9096D001E773F /* StagLayout.swift in Sources */,
				84320AB522C7829800EEDA34 /* Profiler.swift in Sources */,
				84C5D66422B82C40001E773F /* Services.swift in Sources */,
				84320ABD22C7A71400EEDA34 /* DataStructuresViewController.swift in Sources */,
				84320AB922C79F7E00EEDA34 /* StringGenerator.swift in Sources */,
				84C5D66722B82CDA001E773F /* DataProvider.swift in Sources */,
				848115A622AEE3A200EA3624 /* ScreenColorBehavior.swift in Sources */,
				84C5D66B22B8319E001E773F /* SessionSummaryViewController.swift in Sources */,
				84C5D66F22B83A6B001E773F /* TimerProvider.swift in Sources */,
				845DFFDD22A07B8500A62185 /* AppDelegate.swift in Sources */,
				848115A022AEDA7C00EA3624 /* ViewControllerLifeCycleBehavior.swift in Sources */,
				848115A822AEE52D00EA3624 /* ProfileViewController.swift in Sources */,
				84C5D66922B82EFE001E773F /* FeedViewController.swift in Sources */,
				848115A222AEDBDF00EA3624 /* BenchmarkViewController.swift in Sources */,
				84320AB322C7828300EEDA34 /* AlgoProvider.swift in Sources */,
			);
			runOnlyForDeploymentPostprocessing = 0;
		};
		84A3463A22E613D7006F6178 /* Sources */ = {
			isa = PBXSourcesBuildPhase;
			buildActionMask = 2147483647;
			files = (
				84A3464122E613D7006F6178 /* ShareViewController.swift in Sources */,
			);
			runOnlyForDeploymentPostprocessing = 0;
		};
/* End PBXSourcesBuildPhase section */

/* Begin PBXTargetDependency section */
		84A3464722E613D7006F6178 /* PBXTargetDependency */ = {
			isa = PBXTargetDependency;
			target = 84A3463D22E613D7006F6178 /* ShareText */;
			targetProxy = 84A3464622E613D7006F6178 /* PBXContainerItemProxy */;
		};
/* End PBXTargetDependency section */

/* Begin PBXVariantGroup section */
		84320AC522C7EF5D00EEDA34 /* Feed.storyboard */ = {
			isa = PBXVariantGroup;
			children = (
				84320AC622C7EF5D00EEDA34 /* Base */,
			);
			name = Feed.storyboard;
			sourceTree = "<group>";
		};
		845DFFE022A07B8500A62185 /* Main.storyboard */ = {
			isa = PBXVariantGroup;
			children = (
				845DFFE122A07B8500A62185 /* Base */,
			);
			name = Main.storyboard;
			sourceTree = "<group>";
		};
		845DFFE522A07B8600A62185 /* LaunchScreen.storyboard */ = {
			isa = PBXVariantGroup;
			children = (
				845DFFE622A07B8600A62185 /* Base */,
			);
			name = LaunchScreen.storyboard;
			sourceTree = "<group>";
		};
		845DFFEE22A080F300A62185 /* Detail.storyboard */ = {
			isa = PBXVariantGroup;
			children = (
				845DFFEF22A080F300A62185 /* Base */,
			);
			name = Detail.storyboard;
			sourceTree = "<group>";
		};
		84A3464222E613D7006F6178 /* MainInterface.storyboard */ = {
			isa = PBXVariantGroup;
			children = (
				84A3464322E613D7006F6178 /* Base */,
			);
			name = MainInterface.storyboard;
			sourceTree = "<group>";
		};
/* End PBXVariantGroup section */

/* Begin XCBuildConfiguration section */
		845DFFE922A07B8600A62185 /* Debug */ = {
			isa = XCBuildConfiguration;
			buildSettings = {
				ALWAYS_SEARCH_USER_PATHS = NO;
				CLANG_ANALYZER_NONNULL = YES;
				CLANG_ANALYZER_NUMBER_OBJECT_CONVERSION = YES_AGGRESSIVE;
				CLANG_CXX_LANGUAGE_STANDARD = "gnu++14";
				CLANG_CXX_LIBRARY = "libc++";
				CLANG_ENABLE_MODULES = YES;
				CLANG_ENABLE_OBJC_ARC = YES;
				CLANG_ENABLE_OBJC_WEAK = YES;
				CLANG_WARN_BLOCK_CAPTURE_AUTORELEASING = YES;
				CLANG_WARN_BOOL_CONVERSION = YES;
				CLANG_WARN_COMMA = YES;
				CLANG_WARN_CONSTANT_CONVERSION = YES;
				CLANG_WARN_DEPRECATED_OBJC_IMPLEMENTATIONS = YES;
				CLANG_WARN_DIRECT_OBJC_ISA_USAGE = YES_ERROR;
				CLANG_WARN_DOCUMENTATION_COMMENTS = YES;
				CLANG_WARN_EMPTY_BODY = YES;
				CLANG_WARN_ENUM_CONVERSION = YES;
				CLANG_WARN_INFINITE_RECURSION = YES;
				CLANG_WARN_INT_CONVERSION = YES;
				CLANG_WARN_NON_LITERAL_NULL_CONVERSION = YES;
				CLANG_WARN_OBJC_IMPLICIT_RETAIN_SELF = YES;
				CLANG_WARN_OBJC_LITERAL_CONVERSION = YES;
				CLANG_WARN_OBJC_ROOT_CLASS = YES_ERROR;
				CLANG_WARN_RANGE_LOOP_ANALYSIS = YES;
				CLANG_WARN_STRICT_PROTOTYPES = YES;
				CLANG_WARN_SUSPICIOUS_MOVE = YES;
				CLANG_WARN_UNGUARDED_AVAILABILITY = YES_AGGRESSIVE;
				CLANG_WARN_UNREACHABLE_CODE = YES;
				CLANG_WARN__DUPLICATE_METHOD_MATCH = YES;
				CODE_SIGN_IDENTITY = "iPhone Developer";
				COPY_PHASE_STRIP = NO;
				DEBUG_INFORMATION_FORMAT = dwarf;
				ENABLE_STRICT_OBJC_MSGSEND = YES;
				ENABLE_TESTABILITY = YES;
				GCC_C_LANGUAGE_STANDARD = gnu11;
				GCC_DYNAMIC_NO_PIC = NO;
				GCC_NO_COMMON_BLOCKS = YES;
				GCC_OPTIMIZATION_LEVEL = 0;
				GCC_PREPROCESSOR_DEFINITIONS = (
					"DEBUG=1",
					"$(inherited)",
				);
				GCC_WARN_64_TO_32_BIT_CONVERSION = YES;
				GCC_WARN_ABOUT_RETURN_TYPE = YES_ERROR;
				GCC_WARN_UNDECLARED_SELECTOR = YES;
				GCC_WARN_UNINITIALIZED_AUTOS = YES_AGGRESSIVE;
				GCC_WARN_UNUSED_FUNCTION = YES;
				GCC_WARN_UNUSED_VARIABLE = YES;
				IPHONEOS_DEPLOYMENT_TARGET = 12.1;
				MTL_ENABLE_DEBUG_INFO = INCLUDE_SOURCE;
				MTL_FAST_MATH = YES;
				ONLY_ACTIVE_ARCH = YES;
				SDKROOT = iphoneos;
				SWIFT_ACTIVE_COMPILATION_CONDITIONS = DEBUG;
				SWIFT_OPTIMIZATION_LEVEL = "-Onone";
			};
			name = Debug;
		};
		845DFFEA22A07B8600A62185 /* Release */ = {
			isa = XCBuildConfiguration;
			buildSettings = {
				ALWAYS_SEARCH_USER_PATHS = NO;
				CLANG_ANALYZER_NONNULL = YES;
				CLANG_ANALYZER_NUMBER_OBJECT_CONVERSION = YES_AGGRESSIVE;
				CLANG_CXX_LANGUAGE_STANDARD = "gnu++14";
				CLANG_CXX_LIBRARY = "libc++";
				CLANG_ENABLE_MODULES = YES;
				CLANG_ENABLE_OBJC_ARC = YES;
				CLANG_ENABLE_OBJC_WEAK = YES;
				CLANG_WARN_BLOCK_CAPTURE_AUTORELEASING = YES;
				CLANG_WARN_BOOL_CONVERSION = YES;
				CLANG_WARN_COMMA = YES;
				CLANG_WARN_CONSTANT_CONVERSION = YES;
				CLANG_WARN_DEPRECATED_OBJC_IMPLEMENTATIONS = YES;
				CLANG_WARN_DIRECT_OBJC_ISA_USAGE = YES_ERROR;
				CLANG_WARN_DOCUMENTATION_COMMENTS = YES;
				CLANG_WARN_EMPTY_BODY = YES;
				CLANG_WARN_ENUM_CONVERSION = YES;
				CLANG_WARN_INFINITE_RECURSION = YES;
				CLANG_WARN_INT_CONVERSION = YES;
				CLANG_WARN_NON_LITERAL_NULL_CONVERSION = YES;
				CLANG_WARN_OBJC_IMPLICIT_RETAIN_SELF = YES;
				CLANG_WARN_OBJC_LITERAL_CONVERSION = YES;
				CLANG_WARN_OBJC_ROOT_CLASS = YES_ERROR;
				CLANG_WARN_RANGE_LOOP_ANALYSIS = YES;
				CLANG_WARN_STRICT_PROTOTYPES = YES;
				CLANG_WARN_SUSPICIOUS_MOVE = YES;
				CLANG_WARN_UNGUARDED_AVAILABILITY = YES_AGGRESSIVE;
				CLANG_WARN_UNREACHABLE_CODE = YES;
				CLANG_WARN__DUPLICATE_METHOD_MATCH = YES;
				CODE_SIGN_IDENTITY = "iPhone Developer";
				COPY_PHASE_STRIP = NO;
				DEBUG_INFORMATION_FORMAT = "dwarf-with-dsym";
				ENABLE_NS_ASSERTIONS = NO;
				ENABLE_STRICT_OBJC_MSGSEND = YES;
				GCC_C_LANGUAGE_STANDARD = gnu11;
				GCC_NO_COMMON_BLOCKS = YES;
				GCC_WARN_64_TO_32_BIT_CONVERSION = YES;
				GCC_WARN_ABOUT_RETURN_TYPE = YES_ERROR;
				GCC_WARN_UNDECLARED_SELECTOR = YES;
				GCC_WARN_UNINITIALIZED_AUTOS = YES_AGGRESSIVE;
				GCC_WARN_UNUSED_FUNCTION = YES;
				GCC_WARN_UNUSED_VARIABLE = YES;
				IPHONEOS_DEPLOYMENT_TARGET = 12.1;
				MTL_ENABLE_DEBUG_INFO = NO;
				MTL_FAST_MATH = YES;
				SDKROOT = iphoneos;
				SWIFT_COMPILATION_MODE = wholemodule;
				SWIFT_OPTIMIZATION_LEVEL = "-O";
				VALIDATE_PRODUCT = YES;
			};
			name = Release;
		};
		845DFFEC22A07B8600A62185 /* Debug */ = {
			isa = XCBuildConfiguration;
			buildSettings = {
				ALWAYS_EMBED_SWIFT_STANDARD_LIBRARIES = YES;
				ASSETCATALOG_COMPILER_APPICON_NAME = AppIcon;
				CODE_SIGN_ENTITLEMENTS = Week1StoryboardNavigation/Week1StoryboardNavigation.entitlements;
				CODE_SIGN_STYLE = Automatic;
				DEVELOPMENT_TEAM = 76UWPS59U6;
				INFOPLIST_FILE = "$(SRCROOT)/Week1StoryboardNavigation/SupportingFiles/Info.plist";
				LD_RUNPATH_SEARCH_PATHS = (
					"$(inherited)",
					"@executable_path/Frameworks",
				);
				PRODUCT_BUNDLE_IDENTIFIER = com.sloban.Week1StoryboardNavigation;
				PRODUCT_NAME = "$(TARGET_NAME)";
				SWIFT_VERSION = 4.2;
				TARGETED_DEVICE_FAMILY = "1,2";
			};
			name = Debug;
		};
		845DFFED22A07B8600A62185 /* Release */ = {
			isa = XCBuildConfiguration;
			buildSettings = {
				ALWAYS_EMBED_SWIFT_STANDARD_LIBRARIES = YES;
				ASSETCATALOG_COMPILER_APPICON_NAME = AppIcon;
				CODE_SIGN_ENTITLEMENTS = Week1StoryboardNavigation/Week1StoryboardNavigation.entitlements;
				CODE_SIGN_STYLE = Automatic;
				DEVELOPMENT_TEAM = 76UWPS59U6;
				INFOPLIST_FILE = "$(SRCROOT)/Week1StoryboardNavigation/SupportingFiles/Info.plist";
				LD_RUNPATH_SEARCH_PATHS = (
					"$(inherited)",
					"@executable_path/Frameworks",
				);
				PRODUCT_BUNDLE_IDENTIFIER = com.sloban.Week1StoryboardNavigation;
				PRODUCT_NAME = "$(TARGET_NAME)";
				SWIFT_VERSION = 4.2;
				TARGETED_DEVICE_FAMILY = "1,2";
			};
			name = Release;
		};
		84A3464922E613D7006F6178 /* Debug */ = {
			isa = XCBuildConfiguration;
			buildSettings = {
				CODE_SIGN_ENTITLEMENTS = ShareText/ShareText.entitlements;
				CODE_SIGN_STYLE = Automatic;
				DEVELOPMENT_TEAM = 76UWPS59U6;
				INFOPLIST_FILE = ShareText/Info.plist;
				IPHONEOS_DEPLOYMENT_TARGET = 12.2;
				LD_RUNPATH_SEARCH_PATHS = (
					"$(inherited)",
					"@executable_path/Frameworks",
					"@executable_path/../../Frameworks",
				);
				PRODUCT_BUNDLE_IDENTIFIER = com.sloban.Week1StoryboardNavigation.ShareText;
				PRODUCT_NAME = "$(TARGET_NAME)";
				SKIP_INSTALL = YES;
				SWIFT_VERSION = 5.0;
				TARGETED_DEVICE_FAMILY = "1,2";
			};
			name = Debug;
		};
		84A3464A22E613D7006F6178 /* Release */ = {
			isa = XCBuildConfiguration;
			buildSettings = {
				CODE_SIGN_ENTITLEMENTS = ShareText/ShareText.entitlements;
				CODE_SIGN_STYLE = Automatic;
				DEVELOPMENT_TEAM = 76UWPS59U6;
				INFOPLIST_FILE = ShareText/Info.plist;
				IPHONEOS_DEPLOYMENT_TARGET = 12.2;
				LD_RUNPATH_SEARCH_PATHS = (
					"$(inherited)",
					"@executable_path/Frameworks",
					"@executable_path/../../Frameworks",
				);
				PRODUCT_BUNDLE_IDENTIFIER = com.sloban.Week1StoryboardNavigation.ShareText;
				PRODUCT_NAME = "$(TARGET_NAME)";
				SKIP_INSTALL = YES;
				SWIFT_VERSION = 5.0;
				TARGETED_DEVICE_FAMILY = "1,2";
			};
			name = Release;
		};
/* End XCBuildConfiguration section */

/* Begin XCConfigurationList section */
		845DFFD422A07B8500A62185 /* Build configuration list for PBXProject "Week1StoryboardNavigation" */ = {
			isa = XCConfigurationList;
			buildConfigurations = (
				845DFFE922A07B8600A62185 /* Debug */,
				845DFFEA22A07B8600A62185 /* Release */,
			);
			defaultConfigurationIsVisible = 0;
			defaultConfigurationName = Release;
		};
		845DFFEB22A07B8600A62185 /* Build configuration list for PBXNativeTarget "Week1StoryboardNavigation" */ = {
			isa = XCConfigurationList;
			buildConfigurations = (
				845DFFEC22A07B8600A62185 /* Debug */,
				845DFFED22A07B8600A62185 /* Release */,
			);
			defaultConfigurationIsVisible = 0;
			defaultConfigurationName = Release;
		};
		84A3464B22E613D7006F6178 /* Build configuration list for PBXNativeTarget "ShareText" */ = {
			isa = XCConfigurationList;
			buildConfigurations = (
				84A3464922E613D7006F6178 /* Debug */,
				84A3464A22E613D7006F6178 /* Release */,
			);
			defaultConfigurationIsVisible = 0;
			defaultConfigurationName = Release;
		};
/* End XCConfigurationList section */
	};
	rootObject = 845DFFD122A07B8500A62185 /* Project object */;
}
